
Microsoft Visual Studio Solution File, Format Version 12.00
# Visual Studio Version 16
VisualStudioVersion = 16.0.32929.386
MinimumVisualStudioVersion = 10.0.40219.1
Project("{FAE04EC0-301F-11D3-BF4B-00C04F79EFBC}") = "ImagenesAPI", "ImagenesAPI\ImagenesAPI.csproj", "{90013C2A-1B08-4F64-9639-C5A44C952DF5}"
EndProject
Global
	GlobalSection(SolutionConfigurationPlatforms) = preSolution
		Debug|Any CPU = Debug|Any CPU
		Release|Any CPU = Release|Any CPU
	EndGlobalSection
	GlobalSection(ProjectConfigurationPlatforms) = postSolution
		{90013C2A-1B08-4F64-9639-C5A44C952DF5}.Debug|Any CPU.ActiveCfg = Debug|Any CPU
		{90013C2A-1B08-4F64-9639-C5A44C952DF5}.Debug|Any CPU.Build.0 = Debug|Any CPU
		{90013C2A-1B08-4F64-9639-C5A44C952DF5}.Release|Any CPU.ActiveCfg = Release|Any CPU
		{90013C2A-1B08-4F64-9639-C5A44C952DF5}.Release|Any CPU.Build.0 = Release|Any CPU
	EndGlobalSection
	GlobalSection(SolutionProperties) = preSolution
		HideSolutionNode = FALSE
	EndGlobalSection
	GlobalSection(ExtensibilityGlobals) = postSolution
		SolutionGuid = {12000901-6E93-444B-A7EF-BCF5C0737F4F}
	EndGlobalSection
EndGlobal
