
Microsoft Visual Studio Solution File, Format Version 12.00
# Visual Studio Version 16
VisualStudioVersion = 16.0.30804.86
MinimumVisualStudioVersion = 10.0.40219.1
Project("{FAE04EC0-301F-11D3-BF4B-00C04F79EFBC}") = "ImagenesApiASPCore", "ImagenesApiASPCore\ImagenesApiASPCore.csproj", "{46111A20-945A-4D69-A201-43499DF8EAE6}"
EndProject
Global
	GlobalSection(SolutionConfigurationPlatforms) = preSolution
		Debug|Any CPU = Debug|Any CPU
		Release|Any CPU = Release|Any CPU
	EndGlobalSection
	GlobalSection(ProjectConfigurationPlatforms) = postSolution
		{46111A20-945A-4D69-A201-43499DF8EAE6}.Debug|Any CPU.ActiveCfg = Debug|Any CPU
		{46111A20-945A-4D69-A201-43499DF8EAE6}.Debug|Any CPU.Build.0 = Debug|Any CPU
		{46111A20-945A-4D69-A201-43499DF8EAE6}.Release|Any CPU.ActiveCfg = Release|Any CPU
		{46111A20-945A-4D69-A201-43499DF8EAE6}.Release|Any CPU.Build.0 = Release|Any CPU
	EndGlobalSection
	GlobalSection(SolutionProperties) = preSolution
		HideSolutionNode = FALSE
	EndGlobalSection
	GlobalSection(ExtensibilityGlobals) = postSolution
		SolutionGuid = {BAC963BB-E657-4FCC-8E7B-2F33830E71F6}
	EndGlobalSection
EndGlobal
